
Microsoft Visual Studio Solution File, Format Version 12.00
# Visual Studio Version 16
VisualStudioVersion = 16.0.31410.357
MinimumVisualStudioVersion = 10.0.40219.1
Project("{FAE04EC0-301F-11D3-BF4B-00C04F79EFBC}") = "Hangman", "Hangman\Hangman.csproj", "{31183B9E-6806-4FAC-8497-6A9CA2AD0BFB}"
EndProject
Global
	GlobalSection(SolutionConfigurationPlatforms) = preSolution
		Debug|Any CPU = Debug|Any CPU
		Release|Any CPU = Release|Any CPU
	EndGlobalSection
	GlobalSection(ProjectConfigurationPlatforms) = postSolution
		{31183B9E-6806-4FAC-8497-6A9CA2AD0BFB}.Debug|Any CPU.ActiveCfg = Debug|Any CPU
		{31183B9E-6806-4FAC-8497-6A9CA2AD0BFB}.Debug|Any CPU.Build.0 = Debug|Any CPU
		{31183B9E-6806-4FAC-8497-6A9CA2AD0BFB}.Release|Any CPU.ActiveCfg = Release|Any CPU
		{31183B9E-6806-4FAC-8497-6A9CA2AD0BFB}.Release|Any CPU.Build.0 = Release|Any CPU
	EndGlobalSection
	GlobalSection(SolutionProperties) = preSolution
		HideSolutionNode = FALSE
	EndGlobalSection
	GlobalSection(ExtensibilityGlobals) = postSolution
		SolutionGuid = {58B72085-E30E-450A-A29D-4B6BA2DD9C42}
	EndGlobalSection
EndGlobal
